
Microsoft Visual Studio Solution File, Format Version 11.00
# Visual Studio 2010
Project("{8BC9CEB8-8B4A-11D0-8D11-00A0C91BC942}") = "OpenGL_Sprite", "OpenGL_Sprite\OpenGL_Sprite.vcxproj", "{5ECB1F8E-E93E-416C-A4E9-E179B4223A28}"
EndProject
Project("{8BC9CEB8-8B4A-11D0-8D11-00A0C91BC942}") = "OpenGL_Game", "OpenGL_Game\OpenGL_Game.vcxproj", "{20637B67-8EB6-41FE-81B0-FDB3C9E5F0DD}"
EndProject
Global
	GlobalSection(SolutionConfigurationPlatforms) = preSolution
		Debug|Win32 = Debug|Win32
		Release|Win32 = Release|Win32
	EndGlobalSection
	GlobalSection(ProjectConfigurationPlatforms) = postSolution
		{5ECB1F8E-E93E-416C-A4E9-E179B4223A28}.Debug|Win32.ActiveCfg = Debug|Win32
		{5ECB1F8E-E93E-416C-A4E9-E179B4223A28}.Debug|Win32.Build.0 = Debug|Win32
		{5ECB1F8E-E93E-416C-A4E9-E179B4223A28}.Release|Win32.ActiveCfg = Release|Win32
		{5ECB1F8E-E93E-416C-A4E9-E179B4223A28}.Release|Win32.Build.0 = Release|Win32
		{20637B67-8EB6-41FE-81B0-FDB3C9E5F0DD}.Debug|Win32.ActiveCfg = Debug|Win32
		{20637B67-8EB6-41FE-81B0-FDB3C9E5F0DD}.Debug|Win32.Build.0 = Debug|Win32
		{20637B67-8EB6-41FE-81B0-FDB3C9E5F0DD}.Release|Win32.ActiveCfg = Release|Win32
		{20637B67-8EB6-41FE-81B0-FDB3C9E5F0DD}.Release|Win32.Build.0 = Release|Win32
	EndGlobalSection
	GlobalSection(SolutionProperties) = preSolution
		HideSolutionNode = FALSE
	EndGlobalSection
EndGlobal
